PODS:
  - CryptoSwift (1.7.1)
  - FulaMobile (0.1.0)
  - WnfsBindings (0.1.6)
  - WnfsSwift (0.1.6):
    - WnfsBindings (= 0.1.6)

DEPENDENCIES:
  - CryptoSwift (~> 1.7.1)
  - FulaMobile (~> 0.1.0)
  - WnfsSwift (~> 0.1.6)

SPEC REPOS:
  trunk:
    - CryptoSwift
    - FulaMobile
    - WnfsBindings
    - WnfsSwift

SPEC CHECKSUMS:
  CryptoSwift: d3d18dc357932f7e6d580689e065cf1f176007c1
  FulaMobile: 1b822dfce3b3829fd7104e58b8aab511e22dd30d
  WnfsBindings: 14a2a54584a591e08fefd1ab3c1d609b54240530
  WnfsSwift: 36d20a9aeb221c5e548ecd4dd1764672d91c90ee

PODFILE CHECKSUM: 8542ff9f54255a93f8bf80c279d463c658069392

COCOAPODS: 1.12.0
