PODS:
  - CryptoSwift (1.7.1)
  - Mobile (0.0.3)
  - WnfsBindings (0.1.6)
  - WnfsSwift (0.1.6):
    - WnfsBindings (= 0.1.6)

DEPENDENCIES:
  - CryptoSwift (~> 1.7.1)
  - Mobile (~> 0.0.3)
  - WnfsSwift (~> 0.1.6)

SPEC REPOS:
  trunk:
    - CryptoSwift
    - Mobile
    - WnfsBindings
    - WnfsSwift

SPEC CHECKSUMS:
  CryptoSwift: d3d18dc357932f7e6d580689e065cf1f176007c1
  Mobile: 449b0e95a46cd4fcae842696036dc606f95a486b
  WnfsBindings: 14a2a54584a591e08fefd1ab3c1d609b54240530
  WnfsSwift: 36d20a9aeb221c5e548ecd4dd1764672d91c90ee

PODFILE CHECKSUM: 884ef716c2587916e0f78e18cb6f96d306723d36

COCOAPODS: 1.12.0
